// !$*UTF8*$!
{
	archiveVersion = 1;
	classes = {
	};
	objectVersion = 50;
	objects = {

/* Begin PBXBuildFile section */
		2597E1AB22F927FB0026C0FD /* AppDelegate.swift in Sources */ = {isa = PBXBuildFile; fileRef = 2597E1AA22F927FB0026C0FD /* AppDelegate.swift */; };
		2597E1AD22F927FB0026C0FD /* ViewController.swift in Sources */ = {isa = PBXBuildFile; fileRef = 2597E1AC22F927FB0026C0FD /* ViewController.swift */; };
		2597E1AF22F927FC0026C0FD /* Assets.xcassets in Resources */ = {isa = PBXBuildFile; fileRef = 2597E1AE22F927FC0026C0FD /* Assets.xcassets */; };
		2597E1B222F927FC0026C0FD /* Main.storyboard in Resources */ = {isa = PBXBuildFile; fileRef = 2597E1B022F927FC0026C0FD /* Main.storyboard */; };
		2597E1BE22F927FC0026C0FD /* CountDownBarTests.swift in Sources */ = {isa = PBXBuildFile; fileRef = 2597E1BD22F927FC0026C0FD /* CountDownBarTests.swift */; };
		2597E1C922F927FC0026C0FD /* CountDownBarUITests.swift in Sources */ = {isa = PBXBuildFile; fileRef = 2597E1C822F927FC0026C0FD /* CountDownBarUITests.swift */; };
/* End PBXBuildFile section */

/* Begin PBXContainerItemProxy section */
		2597E1BA22F927FC0026C0FD /* PBXContainerItemProxy */ = {
			isa = PBXContainerItemProxy;
			containerPortal = 2597E19F22F927FB0026C0FD /* Project object */;
			proxyType = 1;
			remoteGlobalIDString = 2597E1A622F927FB0026C0FD;
			remoteInfo = CountDownBar;
		};
		2597E1C522F927FC0026C0FD /* PBXContainerItemProxy */ = {
			isa = PBXContainerItemProxy;
			containerPortal = 2597E19F22F927FB0026C0FD /* Project object */;
			proxyType = 1;
			remoteGlobalIDString = 2597E1A622F927FB0026C0FD;
			remoteInfo = CountDownBar;
		};
/* End PBXContainerItemProxy section */

/* Begin PBXFileReference section */
		2597E1A722F927FB0026C0FD /* CountDownBar.app */ = {isa = PBXFileReference; explicitFileType = wrapper.application; includeInIndex = 0; path = CountDownBar.app; sourceTree = BUILT_PRODUCTS_DIR; };
		2597E1AA22F927FB0026C0FD /* AppDelegate.swift */ = {isa = PBXFileReference; lastKnownFileType = sourcecode.swift; path = AppDelegate.swift; sourceTree = "<group>"; };
		2597E1AC22F927FB0026C0FD /* ViewController.swift */ = {isa = PBXFileReference; lastKnownFileType = sourcecode.swift; path = ViewController.swift; sourceTree = "<group>"; };
		2597E1AE22F927FC0026C0FD /* Assets.xcassets */ = {isa = PBXFileReference; lastKnownFileType = folder.assetcatalog; path = Assets.xcassets; sourceTree = "<group>"; };
		2597E1B122F927FC0026C0FD /* Base */ = {isa = PBXFileReference; lastKnownFileType = file.storyboard; name = Base; path = Base.lproj/Main.storyboard; sourceTree = "<group>"; };
		2597E1B322F927FC0026C0FD /* Info.plist */ = {isa = PBXFileReference; lastKnownFileType = text.plist.xml; path = Info.plist; sourceTree = "<group>"; };
		2597E1B422F927FC0026C0FD /* CountDownBar.entitlements */ = {isa = PBXFileReference; lastKnownFileType = text.plist.entitlements; path = CountDownBar.entitlements; sourceTree = "<group>"; };
		2597E1B922F927FC0026C0FD /* CountDownBarTests.xctest */ = {isa = PBXFileReference; explicitFileType = wrapper.cfbundle; includeInIndex = 0; path = CountDownBarTests.xctest; sourceTree = BUILT_PRODUCTS_DIR; };
		2597E1BD22F927FC0026C0FD /* CountDownBarTests.swift */ = {isa = PBXFileReference; lastKnownFileType = sourcecode.swift; path = CountDownBarTests.swift; sourceTree = "<group>"; };
		2597E1BF22F927FC0026C0FD /* Info.plist */ = {isa = PBXFileReference; lastKnownFileType = text.plist.xml; path = Info.plist; sourceTree = "<group>"; };
		2597E1C422F927FC0026C0FD /* CountDownBarUITests.xctest */ = {isa = PBXFileReference; explicitFileType = wrapper.cfbundle; includeInIndex = 0; path = CountDownBarUITests.xctest; sourceTree = BUILT_PRODUCTS_DIR; };
		2597E1C822F927FC0026C0FD /* CountDownBarUITests.swift */ = {isa = PBXFileReference; lastKnownFileType = sourcecode.swift; path = CountDownBarUITests.swift; sourceTree = "<group>"; };
		2597E1CA22F927FC0026C0FD /* Info.plist */ = {isa = PBXFileReference; lastKnownFileType = text.plist.xml; path = Info.plist; sourceTree = "<group>"; };
/* End PBXFileReference section */

/* Begin PBXFrameworksBuildPhase section */
		2597E1A422F927FB0026C0FD /* Frameworks */ = {
			isa = PBXFrameworksBuildPhase;
			buildActionMask = 2147483647;
			files = (
			);
			runOnlyForDeploymentPostprocessing = 0;
		};
		2597E1B622F927FC0026C0FD /* Frameworks */ = {
			isa = PBXFrameworksBuildPhase;
			buildActionMask = 2147483647;
			files = (
			);
			runOnlyForDeploymentPostprocessing = 0;
		};
		2597E1C122F927FC0026C0FD /* Frameworks */ = {
			isa = PBXFrameworksBuildPhase;
			buildActionMask = 2147483647;
			files = (
			);
			runOnlyForDeploymentPostprocessing = 0;
		};
/* End PBXFrameworksBuildPhase section */

/* Begin PBXGroup section */
		2597E19E22F927FB0026C0FD = {
			isa = PBXGroup;
			children = (
				2597E1A922F927FB0026C0FD /* CountDownBar */,
				2597E1BC22F927FC0026C0FD /* CountDownBarTests */,
				2597E1C722F927FC0026C0FD /* CountDownBarUITests */,
				2597E1A822F927FB0026C0FD /* Products */,
			);
			sourceTree = "<group>";
		};
		2597E1A822F927FB0026C0FD /* Products */ = {
			isa = PBXGroup;
			children = (
				2597E1A722F927FB0026C0FD /* CountDownBar.app */,
				2597E1B922F927FC0026C0FD /* CountDownBarTests.xctest */,
				2597E1C422F927FC0026C0FD /* CountDownBarUITests.xctest */,
			);
			name = Products;
			sourceTree = "<group>";
		};
		2597E1A922F927FB0026C0FD /* CountDownBar */ = {
			isa = PBXGroup;
			children = (
				2597E1AA22F927FB0026C0FD /* AppDelegate.swift */,
				2597E1AC22F927FB0026C0FD /* ViewController.swift */,
				2597E1AE22F927FC0026C0FD /* Assets.xcassets */,
				2597E1B022F927FC0026C0FD /* Main.storyboard */,
				2597E1B322F927FC0026C0FD /* Info.plist */,
				2597E1B422F927FC0026C0FD /* CountDownBar.entitlements */,
			);
			path = CountDownBar;
			sourceTree = "<group>";
		};
		2597E1BC22F927FC0026C0FD /* CountDownBarTests */ = {
			isa = PBXGroup;
			children = (
				2597E1BD22F927FC0026C0FD /* CountDownBarTests.swift */,
				2597E1BF22F927FC0026C0FD /* Info.plist */,
			);
			path = CountDownBarTests;
			sourceTree = "<group>";
		};
		2597E1C722F927FC0026C0FD /* CountDownBarUITests */ = {
			isa = PBXGroup;
			children = (
				2597E1C822F927FC0026C0FD /* CountDownBarUITests.swift */,
				2597E1CA22F927FC0026C0FD /* Info.plist */,
			);
			path = CountDownBarUITests;
			sourceTree = "<group>";
		};
/* End PBXGroup section */

/* Begin PBXNativeTarget section */
		2597E1A622F927FB0026C0FD /* CountDownBar */ = {
			isa = PBXNativeTarget;
			buildConfigurationList = 2597E1CD22F927FC0026C0FD /* Build configuration list for PBXNativeTarget "CountDownBar" */;
			buildPhases = (
				2597E1A322F927FB0026C0FD /* Sources */,
				2597E1A422F927FB0026C0FD /* Frameworks */,
				2597E1A522F927FB0026C0FD /* Resources */,
			);
			buildRules = (
			);
			dependencies = (
			);
			name = CountDownBar;
			productName = CountDownBar;
			productReference = 2597E1A722F927FB0026C0FD /* CountDownBar.app */;
			productType = "com.apple.product-type.application";
		};
		2597E1B822F927FC0026C0FD /* CountDownBarTests */ = {
			isa = PBXNativeTarget;
			buildConfigurationList = 2597E1D022F927FC0026C0FD /* Build configuration list for PBXNativeTarget "CountDownBarTests" */;
			buildPhases = (
				2597E1B522F927FC0026C0FD /* Sources */,
				2597E1B622F927FC0026C0FD /* Frameworks */,
				2597E1B722F927FC0026C0FD /* Resources */,
			);
			buildRules = (
			);
			dependencies = (
				2597E1BB22F927FC0026C0FD /* PBXTargetDependency */,
			);
			name = CountDownBarTests;
			productName = CountDownBarTests;
			productReference = 2597E1B922F927FC0026C0FD /* CountDownBarTests.xctest */;
			productType = "com.apple.product-type.bundle.unit-test";
		};
		2597E1C322F927FC0026C0FD /* CountDownBarUITests */ = {
			isa = PBXNativeTarget;
			buildConfigurationList = 2597E1D322F927FC0026C0FD /* Build configuration list for PBXNativeTarget "CountDownBarUITests" */;
			buildPhases = (
				2597E1C022F927FC0026C0FD /* Sources */,
				2597E1C122F927FC0026C0FD /* Frameworks */,
				2597E1C222F927FC0026C0FD /* Resources */,
			);
			buildRules = (
			);
			dependencies = (
				2597E1C622F927FC0026C0FD /* PBXTargetDependency */,
			);
			name = CountDownBarUITests;
			productName = CountDownBarUITests;
			productReference = 2597E1C422F927FC0026C0FD /* CountDownBarUITests.xctest */;
			productType = "com.apple.product-type.bundle.ui-testing";
		};
/* End PBXNativeTarget section */

/* Begin PBXProject section */
		2597E19F22F927FB0026C0FD /* Project object */ = {
			isa = PBXProject;
			attributes = {
				LastSwiftUpdateCheck = 1030;
				LastUpgradeCheck = 1030;
				ORGANIZATIONNAME = "Rui Yin";
				TargetAttributes = {
					2597E1A622F927FB0026C0FD = {
						CreatedOnToolsVersion = 10.3;
					};
					2597E1B822F927FC0026C0FD = {
						CreatedOnToolsVersion = 10.3;
						TestTargetID = 2597E1A622F927FB0026C0FD;
					};
					2597E1C322F927FC0026C0FD = {
						CreatedOnToolsVersion = 10.3;
						TestTargetID = 2597E1A622F927FB0026C0FD;
					};
				};
			};
			buildConfigurationList = 2597E1A222F927FB0026C0FD /* Build configuration list for PBXProject "CountDownBar" */;
			compatibilityVersion = "Xcode 9.3";
			developmentRegion = en;
			hasScannedForEncodings = 0;
			knownRegions = (
				en,
				Base,
			);
			mainGroup = 2597E19E22F927FB0026C0FD;
			productRefGroup = 2597E1A822F927FB0026C0FD /* Products */;
			projectDirPath = "";
			projectRoot = "";
			targets = (
				2597E1A622F927FB0026C0FD /* CountDownBar */,
				2597E1B822F927FC0026C0FD /* CountDownBarTests */,
				2597E1C322F927FC0026C0FD /* CountDownBarUITests */,
			);
		};
/* End PBXProject section */

/* Begin PBXResourcesBuildPhase section */
		2597E1A522F927FB0026C0FD /* Resources */ = {
			isa = PBXResourcesBuildPhase;
			buildActionMask = 2147483647;
			files = (
				2597E1AF22F927FC0026C0FD /* Assets.xcassets in Resources */,
				2597E1B222F927FC0026C0FD /* Main.storyboard in Resources */,
			);
			runOnlyForDeploymentPostprocessing = 0;
		};
		2597E1B722F927FC0026C0FD /* Resources */ = {
			isa = PBXResourcesBuildPhase;
			buildActionMask = 2147483647;
			files = (
			);
			runOnlyForDeploymentPostprocessing = 0;
		};
		2597E1C222F927FC0026C0FD /* Resources */ = {
			isa = PBXResourcesBuildPhase;
			buildActionMask = 2147483647;
			files = (
			);
			runOnlyForDeploymentPostprocessing = 0;
		};
/* End PBXResourcesBuildPhase section */

/* Begin PBXSourcesBuildPhase section */
		2597E1A322F927FB0026C0FD /* Sources */ = {
			isa = PBXSourcesBuildPhase;
			buildActionMask = 2147483647;
			files = (
				2597E1AD22F927FB0026C0FD /* ViewController.swift in Sources */,
				2597E1AB22F927FB0026C0FD /* AppDelegate.swift in Sources */,
			);
			runOnlyForDeploymentPostprocessing = 0;
		};
		2597E1B522F927FC0026C0FD /* Sources */ = {
			isa = PBXSourcesBuildPhase;
			buildActionMask = 2147483647;
			files = (
				2597E1BE22F927FC0026C0FD /* CountDownBarTests.swift in Sources */,
			);
			runOnlyForDeploymentPostprocessing = 0;
		};
		2597E1C022F927FC0026C0FD /* Sources */ = {
			isa = PBXSourcesBuildPhase;
			buildActionMask = 2147483647;
			files = (
				2597E1C922F927FC0026C0FD /* CountDownBarUITests.swift in Sources */,
			);
			runOnlyForDeploymentPostprocessing = 0;
		};
/* End PBXSourcesBuildPhase section */

/* Begin PBXTargetDependency section */
		2597E1BB22F927FC0026C0FD /* PBXTargetDependency */ = {
			isa = PBXTargetDependency;
			target = 2597E1A622F927FB0026C0FD /* CountDownBar */;
			targetProxy = 2597E1BA22F927FC0026C0FD /* PBXContainerItemProxy */;
		};
		2597E1C622F927FC0026C0FD /* PBXTargetDependency */ = {
			isa = PBXTargetDependency;
			target = 2597E1A622F927FB0026C0FD /* CountDownBar */;
			targetProxy = 2597E1C522F927FC0026C0FD /* PBXContainerItemProxy */;
		};
/* End PBXTargetDependency section */

/* Begin PBXVariantGroup section */
		2597E1B022F927FC0026C0FD /* Main.storyboard */ = {
			isa = PBXVariantGroup;
			children = (
				2597E1B122F927FC0026C0FD /* Base */,
			);
			name = Main.storyboard;
			sourceTree = "<group>";
		};
/* End PBXVariantGroup section */

/* Begin XCBuildConfiguration section */
		2597E1CB22F927FC0026C0FD /* Debug */ = {
			isa = XCBuildConfiguration;
			buildSettings = {
				ALWAYS_SEARCH_USER_PATHS = NO;
				CLANG_ANALYZER_NONNULL = YES;
				CLANG_ANALYZER_NUMBER_OBJECT_CONVERSION = YES_AGGRESSIVE;
				CLANG_CXX_LANGUAGE_STANDARD = "gnu++14";
				CLANG_CXX_LIBRARY = "libc++";
				CLANG_ENABLE_MODULES = YES;
				CLANG_ENABLE_OBJC_ARC = YES;
				CLANG_ENABLE_OBJC_WEAK = YES;
				CLANG_WARN_BLOCK_CAPTURE_AUTORELEASING = YES;
				CLANG_WARN_BOOL_CONVERSION = YES;
				CLANG_WARN_COMMA = YES;
				CLANG_WARN_CONSTANT_CONVERSION = YES;
				CLANG_WARN_DEPRECATED_OBJC_IMPLEMENTATIONS = YES;
				CLANG_WARN_DIRECT_OBJC_ISA_USAGE = YES_ERROR;
				CLANG_WARN_DOCUMENTATION_COMMENTS = YES;
				CLANG_WARN_EMPTY_BODY = YES;
				CLANG_WARN_ENUM_CONVERSION = YES;
				CLANG_WARN_INFINITE_RECURSION = YES;
				CLANG_WARN_INT_CONVERSION = YES;
				CLANG_WARN_NON_LITERAL_NULL_CONVERSION = YES;
				CLANG_WARN_OBJC_IMPLICIT_RETAIN_SELF = YES;
				CLANG_WARN_OBJC_LITERAL_CONVERSION = YES;
				CLANG_WARN_OBJC_ROOT_CLASS = YES_ERROR;
				CLANG_WARN_RANGE_LOOP_ANALYSIS = YES;
				CLANG_WARN_STRICT_PROTOTYPES = YES;
				CLANG_WARN_SUSPICIOUS_MOVE = YES;
				CLANG_WARN_UNGUARDED_AVAILABILITY = YES_AGGRESSIVE;
				CLANG_WARN_UNREACHABLE_CODE = YES;
				CLANG_WARN__DUPLICATE_METHOD_MATCH = YES;
				CODE_SIGN_IDENTITY = "-";
				COPY_PHASE_STRIP = NO;
				DEBUG_INFORMATION_FORMAT = dwarf;
				ENABLE_STRICT_OBJC_MSGSEND = YES;
				ENABLE_TESTABILITY = YES;
				GCC_C_LANGUAGE_STANDARD = gnu11;
				GCC_DYNAMIC_NO_PIC = NO;
				GCC_NO_COMMON_BLOCKS = YES;
				GCC_OPTIMIZATION_LEVEL = 0;
				GCC_PREPROCESSOR_DEFINITIONS = (
					"DEBUG=1",
					"$(inherited)",
				);
				GCC_WARN_64_TO_32_BIT_CONVERSION = YES;
				GCC_WARN_ABOUT_RETURN_TYPE = YES_ERROR;
				GCC_WARN_UNDECLARED_SELECTOR = YES;
				GCC_WARN_UNINITIALIZED_AUTOS = YES_AGGRESSIVE;
				GCC_WARN_UNUSED_FUNCTION = YES;
				GCC_WARN_UNUSED_VARIABLE = YES;
				MACOSX_DEPLOYMENT_TARGET = 10.14;
				MTL_ENABLE_DEBUG_INFO = INCLUDE_SOURCE;
				MTL_FAST_MATH = YES;
				ONLY_ACTIVE_ARCH = YES;
				SDKROOT = macosx;
				SWIFT_ACTIVE_COMPILATION_CONDITIONS = DEBUG;
				SWIFT_OPTIMIZATION_LEVEL = "-Onone";
			};
			name = Debug;
		};
		2597E1CC22F927FC0026C0FD /* Release */ = {
			isa = XCBuildConfiguration;
			buildSettings = {
				ALWAYS_SEARCH_USER_PATHS = NO;
				CLANG_ANALYZER_NONNULL = YES;
				CLANG_ANALYZER_NUMBER_OBJECT_CONVERSION = YES_AGGRESSIVE;
				CLANG_CXX_LANGUAGE_STANDARD = "gnu++14";
				CLANG_CXX_LIBRARY = "libc++";
				CLANG_ENABLE_MODULES = YES;
				CLANG_ENABLE_OBJC_ARC = YES;
				CLANG_ENABLE_OBJC_WEAK = YES;
				CLANG_WARN_BLOCK_CAPTURE_AUTORELEASING = YES;
				CLANG_WARN_BOOL_CONVERSION = YES;
				CLANG_WARN_COMMA = YES;
				CLANG_WARN_CONSTANT_CONVERSION = YES;
				CLANG_WARN_DEPRECATED_OBJC_IMPLEMENTATIONS = YES;
				CLANG_WARN_DIRECT_OBJC_ISA_USAGE = YES_ERROR;
				CLANG_WARN_DOCUMENTATION_COMMENTS = YES;
				CLANG_WARN_EMPTY_BODY = YES;
				CLANG_WARN_ENUM_CONVERSION = YES;
				CLANG_WARN_INFINITE_RECURSION = YES;
				CLANG_WARN_INT_CONVERSION = YES;
				CLANG_WARN_NON_LITERAL_NULL_CONVERSION = YES;
				CLANG_WARN_OBJC_IMPLICIT_RETAIN_SELF = YES;
				CLANG_WARN_OBJC_LITERAL_CONVERSION = YES;
				CLANG_WARN_OBJC_ROOT_CLASS = YES_ERROR;
				CLANG_WARN_RANGE_LOOP_ANALYSIS = YES;
				CLANG_WARN_STRICT_PROTOTYPES = YES;
				CLANG_WARN_SUSPICIOUS_MOVE = YES;
				CLANG_WARN_UNGUARDED_AVAILABILITY = YES_AGGRESSIVE;
				CLANG_WARN_UNREACHABLE_CODE = YES;
				CLANG_WARN__DUPLICATE_METHOD_MATCH = YES;
				CODE_SIGN_IDENTITY = "-";
				COPY_PHASE_STRIP = NO;
				DEBUG_INFORMATION_FORMAT = "dwarf-with-dsym";
				ENABLE_NS_ASSERTIONS = NO;
				ENABLE_STRICT_OBJC_MSGSEND = YES;
				GCC_C_LANGUAGE_STANDARD = gnu11;
				GCC_NO_COMMON_BLOCKS = YES;
				GCC_WARN_64_TO_32_BIT_CONVERSION = YES;
				GCC_WARN_ABOUT_RETURN_TYPE = YES_ERROR;
				GCC_WARN_UNDECLARED_SELECTOR = YES;
				GCC_WARN_UNINITIALIZED_AUTOS = YES_AGGRESSIVE;
				GCC_WARN_UNUSED_FUNCTION = YES;
				GCC_WARN_UNUSED_VARIABLE = YES;
				MACOSX_DEPLOYMENT_TARGET = 10.14;
				MTL_ENABLE_DEBUG_INFO = NO;
				MTL_FAST_MATH = YES;
				SDKROOT = macosx;
				SWIFT_COMPILATION_MODE = wholemodule;
				SWIFT_OPTIMIZATION_LEVEL = "-O";
			};
			name = Release;
		};
		2597E1CE22F927FC0026C0FD /* Debug */ = {
			isa = XCBuildConfiguration;
			buildSettings = {
				ASSETCATALOG_COMPILER_APPICON_NAME = AppIcon;
				CODE_SIGN_ENTITLEMENTS = CountDownBar/CountDownBar.entitlements;
				CODE_SIGN_STYLE = Automatic;
				COMBINE_HIDPI_IMAGES = YES;
				INFOPLIST_FILE = CountDownBar/Info.plist;
				LD_RUNPATH_SEARCH_PATHS = (
					"$(inherited)",
					"@executable_path/../Frameworks",
				);
				PRODUCT_BUNDLE_IDENTIFIER = "Rui-Yin.CountDownBar";
				PRODUCT_NAME = "$(TARGET_NAME)";
				SWIFT_VERSION = 5.0;
			};
			name = Debug;
		};
		2597E1CF22F927FC0026C0FD /* Release */ = {
			isa = XCBuildConfiguration;
			buildSettings = {
				ASSETCATALOG_COMPILER_APPICON_NAME = AppIcon;
				CODE_SIGN_ENTITLEMENTS = CountDownBar/CountDownBar.entitlements;
				CODE_SIGN_STYLE = Automatic;
				COMBINE_HIDPI_IMAGES = YES;
				INFOPLIST_FILE = CountDownBar/Info.plist;
				LD_RUNPATH_SEARCH_PATHS = (
					"$(inherited)",
					"@executable_path/../Frameworks",
				);
				PRODUCT_BUNDLE_IDENTIFIER = "Rui-Yin.CountDownBar";
				PRODUCT_NAME = "$(TARGET_NAME)";
				SWIFT_VERSION = 5.0;
			};
			name = Release;
		};
		2597E1D122F927FC0026C0FD /* Debug */ = {
			isa = XCBuildConfiguration;
			buildSettings = {
				ALWAYS_EMBED_SWIFT_STANDARD_LIBRARIES = YES;
				BUNDLE_LOADER = "$(TEST_HOST)";
				CODE_SIGN_STYLE = Automatic;
				COMBINE_HIDPI_IMAGES = YES;
				INFOPLIST_FILE = CountDownBarTests/Info.plist;
				LD_RUNPATH_SEARCH_PATHS = (
					"$(inherited)",
					"@executable_path/../Frameworks",
					"@loader_path/../Frameworks",
				);
				PRODUCT_BUNDLE_IDENTIFIER = "Rui-Yin.CountDownBarTests";
				PRODUCT_NAME = "$(TARGET_NAME)";
				SWIFT_VERSION = 5.0;
				TEST_HOST = "$(BUILT_PRODUCTS_DIR)/CountDownBar.app/Contents/MacOS/CountDownBar";
			};
			name = Debug;
		};
		2597E1D222F927FC0026C0FD /* Release */ = {
			isa = XCBuildConfiguration;
			buildSettings = {
				ALWAYS_EMBED_SWIFT_STANDARD_LIBRARIES = YES;
				BUNDLE_LOADER = "$(TEST_HOST)";
				CODE_SIGN_STYLE = Automatic;
				COMBINE_HIDPI_IMAGES = YES;
				INFOPLIST_FILE = CountDownBarTests/Info.plist;
				LD_RUNPATH_SEARCH_PATHS = (
					"$(inherited)",
					"@executable_path/../Frameworks",
					"@loader_path/../Frameworks",
				);
				PRODUCT_BUNDLE_IDENTIFIER = "Rui-Yin.CountDownBarTests";
				PRODUCT_NAME = "$(TARGET_NAME)";
				SWIFT_VERSION = 5.0;
				TEST_HOST = "$(BUILT_PRODUCTS_DIR)/CountDownBar.app/Contents/MacOS/CountDownBar";
			};
			name = Release;
		};
		2597E1D422F927FC0026C0FD /* Debug */ = {
			isa = XCBuildConfiguration;
			buildSettings = {
				ALWAYS_EMBED_SWIFT_STANDARD_LIBRARIES = YES;
				CODE_SIGN_STYLE = Automatic;
				COMBINE_HIDPI_IMAGES = YES;
				INFOPLIST_FILE = CountDownBarUITests/Info.plist;
				LD_RUNPATH_SEARCH_PATHS = (
					"$(inherited)",
					"@executable_path/../Frameworks",
					"@loader_path/../Frameworks",
				);
				PRODUCT_BUNDLE_IDENTIFIER = "Rui-Yin.CountDownBarUITests";
				PRODUCT_NAME = "$(TARGET_NAME)";
				SWIFT_VERSION = 5.0;
				TEST_TARGET_NAME = CountDownBar;
			};
			name = Debug;
		};
		2597E1D522F927FC0026C0FD /* Release */ = {
			isa = XCBuildConfiguration;
			buildSettings = {
				ALWAYS_EMBED_SWIFT_STANDARD_LIBRARIES = YES;
				CODE_SIGN_STYLE = Automatic;
				COMBINE_HIDPI_IMAGES = YES;
				INFOPLIST_FILE = CountDownBarUITests/Info.plist;
				LD_RUNPATH_SEARCH_PATHS = (
					"$(inherited)",
					"@executable_path/../Frameworks",
					"@loader_path/../Frameworks",
				);
				PRODUCT_BUNDLE_IDENTIFIER = "Rui-Yin.CountDownBarUITests";
				PRODUCT_NAME = "$(TARGET_NAME)";
				SWIFT_VERSION = 5.0;
				TEST_TARGET_NAME = CountDownBar;
			};
			name = Release;
		};
/* End XCBuildConfiguration section */

/* Begin XCConfigurationList section */
		2597E1A222F927FB0026C0FD /* Build configuration list for PBXProject "CountDownBar" */ = {
			isa = XCConfigurationList;
			buildConfigurations = (
				2597E1CB22F927FC0026C0FD /* Debug */,
				2597E1CC22F927FC0026C0FD /* Release */,
			);
			defaultConfigurationIsVisible = 0;
			defaultConfigurationName = Release;
		};
		2597E1CD22F927FC0026C0FD /* Build configuration list for PBXNativeTarget "CountDownBar" */ = {
			isa = XCConfigurationList;
			buildConfigurations = (
				2597E1CE22F927FC0026C0FD /* Debug */,
				2597E1CF22F927FC0026C0FD /* Release */,
			);
			defaultConfigurationIsVisible = 0;
			defaultConfigurationName = Release;
		};
		2597E1D022F927FC0026C0FD /* Build configuration list for PBXNativeTarget "CountDownBarTests" */ = {
			isa = XCConfigurationList;
			buildConfigurations = (
				2597E1D122F927FC0026C0FD /* Debug */,
				2597E1D222F927FC0026C0FD /* Release */,
			);
			defaultConfigurationIsVisible = 0;
			defaultConfigurationName = Release;
		};
		2597E1D322F927FC0026C0FD /* Build configuration list for PBXNativeTarget "CountDownBarUITests" */ = {
			isa = XCConfigurationList;
			buildConfigurations = (
				2597E1D422F927FC0026C0FD /* Debug */,
				2597E1D522F927FC0026C0FD /* Release */,
			);
			defaultConfigurationIsVisible = 0;
			defaultConfigurationName = Release;
		};
/* End XCConfigurationList section */
	};
	rootObject = 2597E19F22F927FB0026C0FD /* Project object */;
}
